lockfileVersion: '9.0'

settings:
  autoInstallPeers: true
  excludeLinksFromLockfile: false

overrides:
  rebuild: link:../../../../Library/pnpm/global/5/node_modules/rebuild

importers:

  .:
    dependencies:
      rebuild:
        specifier: link:../../../../Library/pnpm/global/5/node_modules/rebuild
        version: link:../../../../Library/pnpm/global/5/node_modules/rebuild
